
Microsoft Visual Studio Solution File, Format Version 12.00
# Visual Studio Version 16
VisualStudioVersion = 16.0.30621.155
MinimumVisualStudioVersion = 10.0.40219.1
Project("{F184B08F-C81C-45F6-A57F-5ABD9991F28F}") = "Evento", "Evento.vbproj", "{D69329AF-19F3-43EB-920E-C5F68D093C92}"
EndProject
Project("{F184B08F-C81C-45F6-A57F-5ABD9991F28F}") = "Controles", "..\Controles\Controles.vbproj", "{A7339B44-0462-4561-A50B-BC17EC49A94A}"
EndProject
Project("{F184B08F-C81C-45F6-A57F-5ABD9991F28F}") = "EventoSystem", "..\EventoSystem\EventoSystem.vbproj", "{1B3B6050-44B6-4D7B-BC48-061C18F79BF5}"
EndProject
Project("{F184B08F-C81C-45F6-A57F-5ABD9991F28F}") = "PetSystem", "..\PetSystem\PetSystem.vbproj", "{3E9B907A-793F-444C-9991-6AE966ED9E8E}"
EndProject
Global
	GlobalSection(SolutionConfigurationPlatforms) = preSolution
		Debug|Any CPU = Debug|Any CPU
		Debug|x64 = Debug|x64
		Debug|x86 = Debug|x86
		Release|Any CPU = Release|Any CPU
		Release|x64 = Release|x64
		Release|x86 = Release|x86
	EndGlobalSection
	GlobalSection(ProjectConfigurationPlatforms) = postSolution
		{D69329AF-19F3-43EB-920E-C5F68D093C92}.Debug|Any CPU.ActiveCfg = Debug|Any CPU
		{D69329AF-19F3-43EB-920E-C5F68D093C92}.Debug|Any CPU.Build.0 = Debug|Any CPU
		{D69329AF-19F3-43EB-920E-C5F68D093C92}.Debug|x64.ActiveCfg = Debug|x64
		{D69329AF-19F3-43EB-920E-C5F68D093C92}.Debug|x64.Build.0 = Debug|x64
		{D69329AF-19F3-43EB-920E-C5F68D093C92}.Debug|x86.ActiveCfg = Debug|x86
		{D69329AF-19F3-43EB-920E-C5F68D093C92}.Debug|x86.Build.0 = Debug|x86
		{D69329AF-19F3-43EB-920E-C5F68D093C92}.Release|Any CPU.ActiveCfg = Release|Any CPU
		{D69329AF-19F3-43EB-920E-C5F68D093C92}.Release|Any CPU.Build.0 = Release|Any CPU
		{D69329AF-19F3-43EB-920E-C5F68D093C92}.Release|x64.ActiveCfg = Release|x64
		{D69329AF-19F3-43EB-920E-C5F68D093C92}.Release|x64.Build.0 = Release|x64
		{D69329AF-19F3-43EB-920E-C5F68D093C92}.Release|x86.ActiveCfg = Release|x86
		{D69329AF-19F3-43EB-920E-C5F68D093C92}.Release|x86.Build.0 = Release|x86
		{A7339B44-0462-4561-A50B-BC17EC49A94A}.Debug|Any CPU.ActiveCfg = Debug|Any CPU
		{A7339B44-0462-4561-A50B-BC17EC49A94A}.Debug|Any CPU.Build.0 = Debug|Any CPU
		{A7339B44-0462-4561-A50B-BC17EC49A94A}.Debug|x64.ActiveCfg = Debug|Any CPU
		{A7339B44-0462-4561-A50B-BC17EC49A94A}.Debug|x64.Build.0 = Debug|Any CPU
		{A7339B44-0462-4561-A50B-BC17EC49A94A}.Debug|x86.ActiveCfg = Debug|Any CPU
		{A7339B44-0462-4561-A50B-BC17EC49A94A}.Debug|x86.Build.0 = Debug|Any CPU
		{A7339B44-0462-4561-A50B-BC17EC49A94A}.Release|Any CPU.ActiveCfg = Release|Any CPU
		{A7339B44-0462-4561-A50B-BC17EC49A94A}.Release|Any CPU.Build.0 = Release|Any CPU
		{A7339B44-0462-4561-A50B-BC17EC49A94A}.Release|x64.ActiveCfg = Release|Any CPU
		{A7339B44-0462-4561-A50B-BC17EC49A94A}.Release|x64.Build.0 = Release|Any CPU
		{A7339B44-0462-4561-A50B-BC17EC49A94A}.Release|x86.ActiveCfg = Release|Any CPU
		{A7339B44-0462-4561-A50B-BC17EC49A94A}.Release|x86.Build.0 = Release|Any CPU
		{1B3B6050-44B6-4D7B-BC48-061C18F79BF5}.Debug|Any CPU.ActiveCfg = Debug|Any CPU
		{1B3B6050-44B6-4D7B-BC48-061C18F79BF5}.Debug|Any CPU.Build.0 = Debug|Any CPU
		{1B3B6050-44B6-4D7B-BC48-061C18F79BF5}.Debug|x64.ActiveCfg = Debug|Any CPU
		{1B3B6050-44B6-4D7B-BC48-061C18F79BF5}.Debug|x64.Build.0 = Debug|Any CPU
		{1B3B6050-44B6-4D7B-BC48-061C18F79BF5}.Debug|x86.ActiveCfg = Debug|Any CPU
		{1B3B6050-44B6-4D7B-BC48-061C18F79BF5}.Debug|x86.Build.0 = Debug|Any CPU
		{1B3B6050-44B6-4D7B-BC48-061C18F79BF5}.Release|Any CPU.ActiveCfg = Release|Any CPU
		{1B3B6050-44B6-4D7B-BC48-061C18F79BF5}.Release|Any CPU.Build.0 = Release|Any CPU
		{1B3B6050-44B6-4D7B-BC48-061C18F79BF5}.Release|x64.ActiveCfg = Release|Any CPU
		{1B3B6050-44B6-4D7B-BC48-061C18F79BF5}.Release|x64.Build.0 = Release|Any CPU
		{1B3B6050-44B6-4D7B-BC48-061C18F79BF5}.Release|x86.ActiveCfg = Release|Any CPU
		{1B3B6050-44B6-4D7B-BC48-061C18F79BF5}.Release|x86.Build.0 = Release|Any CPU
		{3E9B907A-793F-444C-9991-6AE966ED9E8E}.Debug|Any CPU.ActiveCfg = Debug|Any CPU
		{3E9B907A-793F-444C-9991-6AE966ED9E8E}.Debug|Any CPU.Build.0 = Debug|Any CPU
		{3E9B907A-793F-444C-9991-6AE966ED9E8E}.Debug|x64.ActiveCfg = Debug|Any CPU
		{3E9B907A-793F-444C-9991-6AE966ED9E8E}.Debug|x64.Build.0 = Debug|Any CPU
		{3E9B907A-793F-444C-9991-6AE966ED9E8E}.Debug|x86.ActiveCfg = Debug|Any CPU
		{3E9B907A-793F-444C-9991-6AE966ED9E8E}.Debug|x86.Build.0 = Debug|Any CPU
		{3E9B907A-793F-444C-9991-6AE966ED9E8E}.Release|Any CPU.ActiveCfg = Release|Any CPU
		{3E9B907A-793F-444C-9991-6AE966ED9E8E}.Release|Any CPU.Build.0 = Release|Any CPU
		{3E9B907A-793F-444C-9991-6AE966ED9E8E}.Release|x64.ActiveCfg = Release|Any CPU
		{3E9B907A-793F-444C-9991-6AE966ED9E8E}.Release|x64.Build.0 = Release|Any CPU
		{3E9B907A-793F-444C-9991-6AE966ED9E8E}.Release|x86.ActiveCfg = Release|Any CPU
		{3E9B907A-793F-444C-9991-6AE966ED9E8E}.Release|x86.Build.0 = Release|Any CPU
	EndGlobalSection
	GlobalSection(SolutionProperties) = preSolution
		HideSolutionNode = FALSE
	EndGlobalSection
	GlobalSection(ExtensibilityGlobals) = postSolution
		SolutionGuid = {EF3AFB7F-C54C-46CA-A489-3223E65856EE}
	EndGlobalSection
EndGlobal
