
Microsoft Visual Studio Solution File, Format Version 12.00
# Visual Studio Express 15 for Windows Desktop
VisualStudioVersion = 15.0.28010.2003
MinimumVisualStudioVersion = 10.0.40219.1
Project("{FAE04EC0-301F-11D3-BF4B-00C04F79EFBC}") = "WindowsFormsApp1", "WindowsFormsApp1\WindowsFormsApp1.csproj", "{349DF411-4CAD-4F67-9E7D-F715A84AC188}"
EndProject
Global
	GlobalSection(SolutionConfigurationPlatforms) = preSolution
		Debug|Any CPU = Debug|Any CPU
		Release|Any CPU = Release|Any CPU
	EndGlobalSection
	GlobalSection(ProjectConfigurationPlatforms) = postSolution
		{349DF411-4CAD-4F67-9E7D-F715A84AC188}.Debug|Any CPU.ActiveCfg = Debug|Any CPU
		{349DF411-4CAD-4F67-9E7D-F715A84AC188}.Debug|Any CPU.Build.0 = Debug|Any CPU
		{349DF411-4CAD-4F67-9E7D-F715A84AC188}.Release|Any CPU.ActiveCfg = Release|Any CPU
		{349DF411-4CAD-4F67-9E7D-F715A84AC188}.Release|Any CPU.Build.0 = Release|Any CPU
	EndGlobalSection
	GlobalSection(SolutionProperties) = preSolution
		HideSolutionNode = FALSE
	EndGlobalSection
	GlobalSection(ExtensibilityGlobals) = postSolution
		SolutionGuid = {D4E6D57B-91B9-4093-8216-B8E35E997EA2}
	EndGlobalSection
EndGlobal
